
Microsoft Visual Studio Solution File, Format Version 12.00
# Visual Studio Version 17
VisualStudioVersion = 17.14.36221.1
MinimumVisualStudioVersion = 10.0.40219.1
Project("{FAE04EC0-301F-11D3-BF4B-00C04F79EFBC}") = "map-app_api", "map-app_api\map-app_api.csproj", "{5094EF27-EAE7-4EB8-8FAC-E9FA55339488}"
EndProject
Global
	GlobalSection(SolutionConfigurationPlatforms) = preSolution
		Debug|Any CPU = Debug|Any CPU
		Release|Any CPU = Release|Any CPU
	EndGlobalSection
	GlobalSection(ProjectConfigurationPlatforms) = postSolution
		{5094EF27-EAE7-4EB8-8FAC-E9FA55339488}.Debug|Any CPU.ActiveCfg = Debug|Any CPU
		{5094EF27-EAE7-4EB8-8FAC-E9FA55339488}.Debug|Any CPU.Build.0 = Debug|Any CPU
		{5094EF27-EAE7-4EB8-8FAC-E9FA55339488}.Release|Any CPU.ActiveCfg = Release|Any CPU
		{5094EF27-EAE7-4EB8-8FAC-E9FA55339488}.Release|Any CPU.Build.0 = Release|Any CPU
	EndGlobalSection
	GlobalSection(SolutionProperties) = preSolution
		HideSolutionNode = FALSE
	EndGlobalSection
	GlobalSection(ExtensibilityGlobals) = postSolution
		SolutionGuid = {32BE0101-6EB2-4ACD-B901-088C413E4A69}
	EndGlobalSection
EndGlobal
